// !$*UTF8*$!
{
	archiveVersion = 1;
	classes = {
	};
	objectVersion = 48;
	objects = {

/* Begin PBXBuildFile section */
		5A6AEA142069525600ED92F3 /* AppDelegate.swift in Sources */ = {isa = PBXBuildFile; fileRef = 5A6AEA132069525600ED92F3 /* AppDelegate.swift */; };
		5A6AEA162069525600ED92F3 /* ViewController.swift in Sources */ = {isa = PBXBuildFile; fileRef = 5A6AEA152069525600ED92F3 /* ViewController.swift */; };
		5A6AEA292069525600ED92F3 /* CartTestTests.swift in Sources */ = {isa = PBXBuildFile; fileRef = 5A6AEA282069525600ED92F3 /* CartTestTests.swift */; };
		5A6BF75A212DBD200072A6C5 /* Reachability.framework in Embed Frameworks */ = {isa = PBXBuildFile; fileRef = 5A6BF749212DB9CC0072A6C5 /* Reachability.framework */; settings = {ATTRIBUTES = (CodeSignOnCopy, RemoveHeadersOnCopy, ); }; };
		5A6BF75C212DBD200072A6C5 /* Webtrekk.framework in Embed Frameworks */ = {isa = PBXBuildFile; fileRef = 5A6BF74A212DB9CC0072A6C5 /* Webtrekk.framework */; settings = {ATTRIBUTES = (CodeSignOnCopy, RemoveHeadersOnCopy, ); }; };
		5A6BF75E212DBD710072A6C5 /* Main.storyboard in Resources */ = {isa = PBXBuildFile; fileRef = 5A6AEA172069525600ED92F3 /* Main.storyboard */; };
		5A6BF75F212DBD880072A6C5 /* webtrekk_config.xml in Resources */ = {isa = PBXBuildFile; fileRef = 5A22C1BB212C4227005D4BDE /* webtrekk_config.xml */; };
		5A6BF767212DBE410072A6C5 /* AppDelegate.swift in Sources */ = {isa = PBXBuildFile; fileRef = 5A6BF766212DBE410072A6C5 /* AppDelegate.swift */; };
		5A6BF769212DBE410072A6C5 /* ViewController.swift in Sources */ = {isa = PBXBuildFile; fileRef = 5A6BF768212DBE410072A6C5 /* ViewController.swift */; };
		5A6BF76C212DBE410072A6C5 /* Main.storyboard in Resources */ = {isa = PBXBuildFile; fileRef = 5A6BF76A212DBE410072A6C5 /* Main.storyboard */; };
		5A6BF76E212DBE430072A6C5 /* Assets.xcassets in Resources */ = {isa = PBXBuildFile; fileRef = 5A6BF76D212DBE430072A6C5 /* Assets.xcassets */; };
		5A6BF779212DBE430072A6C5 /* CartTestTVTests.swift in Sources */ = {isa = PBXBuildFile; fileRef = 5A6BF778212DBE430072A6C5 /* CartTestTVTests.swift */; };
		5A6BF782212DC0340072A6C5 /* webtrekknet.cer in Resources */ = {isa = PBXBuildFile; fileRef = 5A6BF781212DC0340072A6C5 /* webtrekknet.cer */; };
		5A6BF783212DC0340072A6C5 /* webtrekknet.cer in Resources */ = {isa = PBXBuildFile; fileRef = 5A6BF781212DC0340072A6C5 /* webtrekknet.cer */; };
		5A6BF78A212DC11E0072A6C5 /* Interface.storyboard in Resources */ = {isa = PBXBuildFile; fileRef = 5A6BF788212DC11E0072A6C5 /* Interface.storyboard */; };
		5A6BF78C212DC1200072A6C5 /* Assets.xcassets in Resources */ = {isa = PBXBuildFile; fileRef = 5A6BF78B212DC1200072A6C5 /* Assets.xcassets */; };
		5A6BF793212DC1200072A6C5 /* CartTestWatch Extension.appex in Embed App Extensions */ = {isa = PBXBuildFile; fileRef = 5A6BF792212DC1200072A6C5 /* CartTestWatch Extension.appex */; settings = {ATTRIBUTES = (RemoveHeadersOnCopy, ); }; };
		5A6BF798212DC1200072A6C5 /* InterfaceController.swift in Sources */ = {isa = PBXBuildFile; fileRef = 5A6BF797212DC1200072A6C5 /* InterfaceController.swift */; };
		5A6BF79A212DC1200072A6C5 /* ExtensionDelegate.swift in Sources */ = {isa = PBXBuildFile; fileRef = 5A6BF799212DC1200072A6C5 /* ExtensionDelegate.swift */; };
		5A6BF79C212DC1200072A6C5 /* NotificationController.swift in Sources */ = {isa = PBXBuildFile; fileRef = 5A6BF79B212DC1200072A6C5 /* NotificationController.swift */; };
		5A6BF79E212DC1200072A6C5 /* Assets.xcassets in Resources */ = {isa = PBXBuildFile; fileRef = 5A6BF79D212DC1200072A6C5 /* Assets.xcassets */; };
		5A6BF7A3212DC1200072A6C5 /* CartTestWatch.app in Embed Watch Content */ = {isa = PBXBuildFile; fileRef = 5A6BF786212DC11E0072A6C5 /* CartTestWatch.app */; };
/* End PBXBuildFile section */

/* Begin PBXContainerItemProxy section */
		5A6AEA252069525600ED92F3 /* PBXContainerItemProxy */ = {
			isa = PBXContainerItemProxy;
			containerPortal = 5A6AEA082069525600ED92F3 /* Project object */;
			proxyType = 1;
			remoteGlobalIDString = 5A6AEA0F2069525600ED92F3;
			remoteInfo = CartTest;
		};
		5A6BF775212DBE430072A6C5 /* PBXContainerItemProxy */ = {
			isa = PBXContainerItemProxy;
			containerPortal = 5A6AEA082069525600ED92F3 /* Project object */;
			proxyType = 1;
			remoteGlobalIDString = 5A6BF763212DBE410072A6C5;
			remoteInfo = CartTestTV;
		};
		5A6BF794212DC1200072A6C5 /* PBXContainerItemProxy */ = {
			isa = PBXContainerItemProxy;
			containerPortal = 5A6AEA082069525600ED92F3 /* Project object */;
			proxyType = 1;
			remoteGlobalIDString = 5A6BF791212DC1200072A6C5;
			remoteInfo = "CartTestWatch Extension";
		};
		5A6BF7A1212DC1200072A6C5 /* PBXContainerItemProxy */ = {
			isa = PBXContainerItemProxy;
			containerPortal = 5A6AEA082069525600ED92F3 /* Project object */;
			proxyType = 1;
			remoteGlobalIDString = 5A6BF785212DC11E0072A6C5;
			remoteInfo = CartTestWatch;
		};
/* End PBXContainerItemProxy section */

/* Begin PBXCopyFilesBuildPhase section */
		5A6BF75D212DBD200072A6C5 /* Embed Frameworks */ = {
			isa = PBXCopyFilesBuildPhase;
			buildActionMask = 2147483647;
			dstPath = "";
			dstSubfolderSpec = 10;
			files = (
				5A6BF75A212DBD200072A6C5 /* Reachability.framework in Embed Frameworks */,
				5A6BF75C212DBD200072A6C5 /* Webtrekk.framework in Embed Frameworks */,
			);
			name = "Embed Frameworks";
			runOnlyForDeploymentPostprocessing = 0;
		};
		5A6BF7A7212DC1200072A6C5 /* Embed App Extensions */ = {
			isa = PBXCopyFilesBuildPhase;
			buildActionMask = 2147483647;
			dstPath = "";
			dstSubfolderSpec = 13;
			files = (
				5A6BF793212DC1200072A6C5 /* CartTestWatch Extension.appex in Embed App Extensions */,
			);
			name = "Embed App Extensions";
			runOnlyForDeploymentPostprocessing = 0;
		};
		5A6BF7AB212DC1200072A6C5 /* Embed Watch Content */ = {
			isa = PBXCopyFilesBuildPhase;
			buildActionMask = 2147483647;
			dstPath = "$(CONTENTS_FOLDER_PATH)/Watch";
			dstSubfolderSpec = 16;
			files = (
				5A6BF7A3212DC1200072A6C5 /* CartTestWatch.app in Embed Watch Content */,
			);
			name = "Embed Watch Content";
			runOnlyForDeploymentPostprocessing = 0;
		};
/* End PBXCopyFilesBuildPhase section */

/* Begin PBXFileReference section */
		5A22C1BB212C4227005D4BDE /* webtrekk_config.xml */ = {isa = PBXFileReference; fileEncoding = 4; lastKnownFileType = text.xml; name = webtrekk_config.xml; path = CartTest/webtrekk_config.xml; sourceTree = "<group>"; };
		5A6AEA102069525600ED92F3 /* CartTest.app */ = {isa = PBXFileReference; explicitFileType = wrapper.application; includeInIndex = 0; path = CartTest.app; sourceTree = BUILT_PRODUCTS_DIR; };
		5A6AEA132069525600ED92F3 /* AppDelegate.swift */ = {isa = PBXFileReference; lastKnownFileType = sourcecode.swift; path = AppDelegate.swift; sourceTree = "<group>"; };
		5A6AEA152069525600ED92F3 /* ViewController.swift */ = {isa = PBXFileReference; lastKnownFileType = sourcecode.swift; path = ViewController.swift; sourceTree = "<group>"; };
		5A6AEA182069525600ED92F3 /* Base */ = {isa = PBXFileReference; lastKnownFileType = file.storyboard; name = Base; path = Base.lproj/Main.storyboard; sourceTree = "<group>"; };
		5A6AEA1A2069525600ED92F3 /* Assets.xcassets */ = {isa = PBXFileReference; lastKnownFileType = folder.assetcatalog; path = Assets.xcassets; sourceTree = "<group>"; };
		5A6AEA1D2069525600ED92F3 /* Base */ = {isa = PBXFileReference; lastKnownFileType = file.storyboard; name = Base; path = Base.lproj/LaunchScreen.storyboard; sourceTree = "<group>"; };
		5A6AEA1F2069525600ED92F3 /* Info.plist */ = {isa = PBXFileReference; lastKnownFileType = text.plist.xml; path = Info.plist; sourceTree = "<group>"; };
		5A6AEA242069525600ED92F3 /* CartTestTests.xctest */ = {isa = PBXFileReference; explicitFileType = wrapper.cfbundle; includeInIndex = 0; path = CartTestTests.xctest; sourceTree = BUILT_PRODUCTS_DIR; };
		5A6AEA282069525600ED92F3 /* CartTestTests.swift */ = {isa = PBXFileReference; lastKnownFileType = sourcecode.swift; path = CartTestTests.swift; sourceTree = "<group>"; };
		5A6AEA2A2069525600ED92F3 /* Info.plist */ = {isa = PBXFileReference; lastKnownFileType = text.plist.xml; path = Info.plist; sourceTree = "<group>"; };
		5A6BF749212DB9CC0072A6C5 /* Reachability.framework */ = {isa = PBXFileReference; lastKnownFileType = wrapper.framework; name = Reachability.framework; path = Carthage/Build/iOS/Reachability.framework; sourceTree = "<group>"; };
		5A6BF74A212DB9CC0072A6C5 /* Webtrekk.framework */ = {isa = PBXFileReference; lastKnownFileType = wrapper.framework; name = Webtrekk.framework; path = Carthage/Build/iOS/Webtrekk.framework; sourceTree = "<group>"; };
		5A6BF764212DBE410072A6C5 /* CartTestTV.app */ = {isa = PBXFileReference; explicitFileType = wrapper.application; includeInIndex = 0; path = CartTestTV.app; sourceTree = BUILT_PRODUCTS_DIR; };
		5A6BF766212DBE410072A6C5 /* AppDelegate.swift */ = {isa = PBXFileReference; lastKnownFileType = sourcecode.swift; path = AppDelegate.swift; sourceTree = "<group>"; };
		5A6BF768212DBE410072A6C5 /* ViewController.swift */ = {isa = PBXFileReference; lastKnownFileType = sourcecode.swift; path = ViewController.swift; sourceTree = "<group>"; };
		5A6BF76B212DBE410072A6C5 /* Base */ = {isa = PBXFileReference; lastKnownFileType = file.storyboard; name = Base; path = Base.lproj/Main.storyboard; sourceTree = "<group>"; };
		5A6BF76D212DBE430072A6C5 /* Assets.xcassets */ = {isa = PBXFileReference; lastKnownFileType = folder.assetcatalog; path = Assets.xcassets; sourceTree = "<group>"; };
		5A6BF76F212DBE430072A6C5 /* Info.plist */ = {isa = PBXFileReference; lastKnownFileType = text.plist.xml; path = Info.plist; sourceTree = "<group>"; };
		5A6BF774212DBE430072A6C5 /* CartTestTVTests.xctest */ = {isa = PBXFileReference; explicitFileType = wrapper.cfbundle; includeInIndex = 0; path = CartTestTVTests.xctest; sourceTree = BUILT_PRODUCTS_DIR; };
		5A6BF778212DBE430072A6C5 /* CartTestTVTests.swift */ = {isa = PBXFileReference; lastKnownFileType = sourcecode.swift; path = CartTestTVTests.swift; sourceTree = "<group>"; };
		5A6BF77A212DBE430072A6C5 /* Info.plist */ = {isa = PBXFileReference; lastKnownFileType = text.plist.xml; path = Info.plist; sourceTree = "<group>"; };
		5A6BF781212DC0340072A6C5 /* webtrekknet.cer */ = {isa = PBXFileReference; lastKnownFileType = file; path = webtrekknet.cer; sourceTree = "<group>"; };
		5A6BF786212DC11E0072A6C5 /* CartTestWatch.app */ = {isa = PBXFileReference; explicitFileType = wrapper.application; includeInIndex = 0; path = CartTestWatch.app; sourceTree = BUILT_PRODUCTS_DIR; };
		5A6BF789212DC11E0072A6C5 /* Base */ = {isa = PBXFileReference; lastKnownFileType = file.storyboard; name = Base; path = Base.lproj/Interface.storyboard; sourceTree = "<group>"; };
		5A6BF78B212DC1200072A6C5 /* Assets.xcassets */ = {isa = PBXFileReference; lastKnownFileType = folder.assetcatalog; path = Assets.xcassets; sourceTree = "<group>"; };
		5A6BF78D212DC1200072A6C5 /* Info.plist */ = {isa = PBXFileReference; lastKnownFileType = text.plist.xml; path = Info.plist; sourceTree = "<group>"; };
		5A6BF792212DC1200072A6C5 /* CartTestWatch Extension.appex */ = {isa = PBXFileReference; explicitFileType = "wrapper.app-extension"; includeInIndex = 0; path = "CartTestWatch Extension.appex"; sourceTree = BUILT_PRODUCTS_DIR; };
		5A6BF797212DC1200072A6C5 /* InterfaceController.swift */ = {isa = PBXFileReference; lastKnownFileType = sourcecode.swift; path = InterfaceController.swift; sourceTree = "<group>"; };
		5A6BF799212DC1200072A6C5 /* ExtensionDelegate.swift */ = {isa = PBXFileReference; lastKnownFileType = sourcecode.swift; path = ExtensionDelegate.swift; sourceTree = "<group>"; };
		5A6BF79B212DC1200072A6C5 /* NotificationController.swift */ = {isa = PBXFileReference; lastKnownFileType = sourcecode.swift; path = NotificationController.swift; sourceTree = "<group>"; };
		5A6BF79D212DC1200072A6C5 /* Assets.xcassets */ = {isa = PBXFileReference; lastKnownFileType = folder.assetcatalog; path = Assets.xcassets; sourceTree = "<group>"; };
		5A6BF79F212DC1200072A6C5 /* Info.plist */ = {isa = PBXFileReference; lastKnownFileType = text.plist.xml; path = Info.plist; sourceTree = "<group>"; };
		5A6BF7A0212DC1200072A6C5 /* PushNotificationPayload.apns */ = {isa = PBXFileReference; lastKnownFileType = text; path = PushNotificationPayload.apns; sourceTree = "<group>"; };
/* End PBXFileReference section */

/* Begin PBXFrameworksBuildPhase section */
		5A6AEA0D2069525600ED92F3 /* Frameworks */ = {
			isa = PBXFrameworksBuildPhase;
			buildActionMask = 2147483647;
			files = (
			);
			runOnlyForDeploymentPostprocessing = 0;
		};
		5A6AEA212069525600ED92F3 /* Frameworks */ = {
			isa = PBXFrameworksBuildPhase;
			buildActionMask = 2147483647;
			files = (
			);
			runOnlyForDeploymentPostprocessing = 0;
		};
		5A6BF761212DBE410072A6C5 /* Frameworks */ = {
			isa = PBXFrameworksBuildPhase;
			buildActionMask = 2147483647;
			files = (
			);
			runOnlyForDeploymentPostprocessing = 0;
		};
		5A6BF771212DBE430072A6C5 /* Frameworks */ = {
			isa = PBXFrameworksBuildPhase;
			buildActionMask = 2147483647;
			files = (
			);
			runOnlyForDeploymentPostprocessing = 0;
		};
		5A6BF78F212DC1200072A6C5 /* Frameworks */ = {
			isa = PBXFrameworksBuildPhase;
			buildActionMask = 2147483647;
			files = (
			);
			runOnlyForDeploymentPostprocessing = 0;
		};
/* End PBXFrameworksBuildPhase section */

/* Begin PBXGroup section */
		5A6AEA072069525600ED92F3 = {
			isa = PBXGroup;
			children = (
				5A22C1BB212C4227005D4BDE /* webtrekk_config.xml */,
				5A6BF781212DC0340072A6C5 /* webtrekknet.cer */,
				5A6AEA122069525600ED92F3 /* CartTest */,
				5A6AEA272069525600ED92F3 /* CartTestTests */,
				5A6BF765212DBE410072A6C5 /* CartTestTV */,
				5A6BF777212DBE430072A6C5 /* CartTestTVTests */,
				5A6BF787212DC11E0072A6C5 /* CartTestWatch */,
				5A6BF796212DC1200072A6C5 /* CartTestWatch Extension */,
				5A6AEA112069525600ED92F3 /* Products */,
				5AA1B47220873BEF0039E7C3 /* Frameworks */,
			);
			sourceTree = "<group>";
		};
		5A6AEA112069525600ED92F3 /* Products */ = {
			isa = PBXGroup;
			children = (
				5A6AEA102069525600ED92F3 /* CartTest.app */,
				5A6AEA242069525600ED92F3 /* CartTestTests.xctest */,
				5A6BF764212DBE410072A6C5 /* CartTestTV.app */,
				5A6BF774212DBE430072A6C5 /* CartTestTVTests.xctest */,
				5A6BF786212DC11E0072A6C5 /* CartTestWatch.app */,
				5A6BF792212DC1200072A6C5 /* CartTestWatch Extension.appex */,
			);
			name = Products;
			sourceTree = "<group>";
		};
		5A6AEA122069525600ED92F3 /* CartTest */ = {
			isa = PBXGroup;
			children = (
				5A6AEA132069525600ED92F3 /* AppDelegate.swift */,
				5A6AEA152069525600ED92F3 /* ViewController.swift */,
				5A6AEA172069525600ED92F3 /* Main.storyboard */,
				5A6AEA1A2069525600ED92F3 /* Assets.xcassets */,
				5A6AEA1C2069525600ED92F3 /* LaunchScreen.storyboard */,
				5A6AEA1F2069525600ED92F3 /* Info.plist */,
			);
			path = CartTest;
			sourceTree = "<group>";
		};
		5A6AEA272069525600ED92F3 /* CartTestTests */ = {
			isa = PBXGroup;
			children = (
				5A6AEA282069525600ED92F3 /* CartTestTests.swift */,
				5A6AEA2A2069525600ED92F3 /* Info.plist */,
			);
			path = CartTestTests;
			sourceTree = "<group>";
		};
		5A6BF765212DBE410072A6C5 /* CartTestTV */ = {
			isa = PBXGroup;
			children = (
				5A6BF766212DBE410072A6C5 /* AppDelegate.swift */,
				5A6BF768212DBE410072A6C5 /* ViewController.swift */,
				5A6BF76A212DBE410072A6C5 /* Main.storyboard */,
				5A6BF76D212DBE430072A6C5 /* Assets.xcassets */,
				5A6BF76F212DBE430072A6C5 /* Info.plist */,
			);
			path = CartTestTV;
			sourceTree = "<group>";
		};
		5A6BF777212DBE430072A6C5 /* CartTestTVTests */ = {
			isa = PBXGroup;
			children = (
				5A6BF778212DBE430072A6C5 /* CartTestTVTests.swift */,
				5A6BF77A212DBE430072A6C5 /* Info.plist */,
			);
			path = CartTestTVTests;
			sourceTree = "<group>";
		};
		5A6BF787212DC11E0072A6C5 /* CartTestWatch */ = {
			isa = PBXGroup;
			children = (
				5A6BF788212DC11E0072A6C5 /* Interface.storyboard */,
				5A6BF78B212DC1200072A6C5 /* Assets.xcassets */,
				5A6BF78D212DC1200072A6C5 /* Info.plist */,
			);
			path = CartTestWatch;
			sourceTree = "<group>";
		};
		5A6BF796212DC1200072A6C5 /* CartTestWatch Extension */ = {
			isa = PBXGroup;
			children = (
				5A6BF797212DC1200072A6C5 /* InterfaceController.swift */,
				5A6BF799212DC1200072A6C5 /* ExtensionDelegate.swift */,
				5A6BF79B212DC1200072A6C5 /* NotificationController.swift */,
				5A6BF79D212DC1200072A6C5 /* Assets.xcassets */,
				5A6BF79F212DC1200072A6C5 /* Info.plist */,
				5A6BF7A0212DC1200072A6C5 /* PushNotificationPayload.apns */,
			);
			path = "CartTestWatch Extension";
			sourceTree = "<group>";
		};
		5AA1B47220873BEF0039E7C3 /* Frameworks */ = {
			isa = PBXGroup;
			children = (
				5A6BF749212DB9CC0072A6C5 /* Reachability.framework */,
				5A6BF74A212DB9CC0072A6C5 /* Webtrekk.framework */,
			);
			name = Frameworks;
			sourceTree = "<group>";
		};
/* End PBXGroup section */

/* Begin PBXNativeTarget section */
		5A6AEA0F2069525600ED92F3 /* CartTest */ = {
			isa = PBXNativeTarget;
			buildConfigurationList = 5A6AEA2D2069525600ED92F3 /* Build configuration list for PBXNativeTarget "CartTest" */;
			buildPhases = (
				5A6AEA0C2069525600ED92F3 /* Sources */,
				5A6AEA0D2069525600ED92F3 /* Frameworks */,
				5A6AEA0E2069525600ED92F3 /* Resources */,
				5A6BF75D212DBD200072A6C5 /* Embed Frameworks */,
				5A6BF7AB212DC1200072A6C5 /* Embed Watch Content */,
			);
			buildRules = (
			);
			dependencies = (
				5A6BF7A2212DC1200072A6C5 /* PBXTargetDependency */,
			);
			name = CartTest;
			productName = CartTest;
			productReference = 5A6AEA102069525600ED92F3 /* CartTest.app */;
			productType = "com.apple.product-type.application";
		};
		5A6AEA232069525600ED92F3 /* CartTestTests */ = {
			isa = PBXNativeTarget;
			buildConfigurationList = 5A6AEA302069525600ED92F3 /* Build configuration list for PBXNativeTarget "CartTestTests" */;
			buildPhases = (
				5A6AEA202069525600ED92F3 /* Sources */,
				5A6AEA212069525600ED92F3 /* Frameworks */,
				5A6AEA222069525600ED92F3 /* Resources */,
			);
			buildRules = (
			);
			dependencies = (
				5A6AEA262069525600ED92F3 /* PBXTargetDependency */,
			);
			name = CartTestTests;
			productName = CartTestTests;
			productReference = 5A6AEA242069525600ED92F3 /* CartTestTests.xctest */;
			productType = "com.apple.product-type.bundle.unit-test";
		};
		5A6BF763212DBE410072A6C5 /* CartTestTV */ = {
			isa = PBXNativeTarget;
			buildConfigurationList = 5A6BF77B212DBE430072A6C5 /* Build configuration list for PBXNativeTarget "CartTestTV" */;
			buildPhases = (
				5A6BF760212DBE410072A6C5 /* Sources */,
				5A6BF761212DBE410072A6C5 /* Frameworks */,
				5A6BF762212DBE410072A6C5 /* Resources */,
			);
			buildRules = (
			);
			dependencies = (
			);
			name = CartTestTV;
			productName = CartTestTV;
			productReference = 5A6BF764212DBE410072A6C5 /* CartTestTV.app */;
			productType = "com.apple.product-type.application";
		};
		5A6BF773212DBE430072A6C5 /* CartTestTVTests */ = {
			isa = PBXNativeTarget;
			buildConfigurationList = 5A6BF77E212DBE430072A6C5 /* Build configuration list for PBXNativeTarget "CartTestTVTests" */;
			buildPhases = (
				5A6BF770212DBE430072A6C5 /* Sources */,
				5A6BF771212DBE430072A6C5 /* Frameworks */,
				5A6BF772212DBE430072A6C5 /* Resources */,
			);
			buildRules = (
			);
			dependencies = (
				5A6BF776212DBE430072A6C5 /* PBXTargetDependency */,
			);
			name = CartTestTVTests;
			productName = CartTestTVTests;
			productReference = 5A6BF774212DBE430072A6C5 /* CartTestTVTests.xctest */;
			productType = "com.apple.product-type.bundle.unit-test";
		};
		5A6BF785212DC11E0072A6C5 /* CartTestWatch */ = {
			isa = PBXNativeTarget;
			buildConfigurationList = 5A6BF7A8212DC1200072A6C5 /* Build configuration list for PBXNativeTarget "CartTestWatch" */;
			buildPhases = (
				5A6BF784212DC11E0072A6C5 /* Resources */,
				5A6BF7A7212DC1200072A6C5 /* Embed App Extensions */,
			);
			buildRules = (
			);
			dependencies = (
				5A6BF795212DC1200072A6C5 /* PBXTargetDependency */,
			);
			name = CartTestWatch;
			productName = CartTestWatch;
			productReference = 5A6BF786212DC11E0072A6C5 /* CartTestWatch.app */;
			productType = "com.apple.product-type.application.watchapp2";
		};
		5A6BF791212DC1200072A6C5 /* CartTestWatch Extension */ = {
			isa = PBXNativeTarget;
			buildConfigurationList = 5A6BF7A4212DC1200072A6C5 /* Build configuration list for PBXNativeTarget "CartTestWatch Extension" */;
			buildPhases = (
				5A6BF78E212DC1200072A6C5 /* Sources */,
				5A6BF78F212DC1200072A6C5 /* Frameworks */,
				5A6BF790212DC1200072A6C5 /* Resources */,
			);
			buildRules = (
			);
			dependencies = (
			);
			name = "CartTestWatch Extension";
			productName = "CartTestWatch Extension";
			productReference = 5A6BF792212DC1200072A6C5 /* CartTestWatch Extension.appex */;
			productType = "com.apple.product-type.watchkit2-extension";
		};
/* End PBXNativeTarget section */

/* Begin PBXProject section */
		5A6AEA082069525600ED92F3 /* Project object */ = {
			isa = PBXProject;
			attributes = {
				LastSwiftUpdateCheck = 0940;
				LastUpgradeCheck = 0920;
				ORGANIZATIONNAME = "Martin Demiddel";
				TargetAttributes = {
					5A6AEA0F2069525600ED92F3 = {
						CreatedOnToolsVersion = 9.2;
						ProvisioningStyle = Automatic;
					};
					5A6AEA232069525600ED92F3 = {
						CreatedOnToolsVersion = 9.2;
						ProvisioningStyle = Automatic;
						TestTargetID = 5A6AEA0F2069525600ED92F3;
					};
					5A6BF763212DBE410072A6C5 = {
						CreatedOnToolsVersion = 9.4.1;
						ProvisioningStyle = Automatic;
					};
					5A6BF773212DBE430072A6C5 = {
						CreatedOnToolsVersion = 9.4.1;
						ProvisioningStyle = Automatic;
						TestTargetID = 5A6BF763212DBE410072A6C5;
					};
					5A6BF785212DC11E0072A6C5 = {
						CreatedOnToolsVersion = 9.4.1;
						ProvisioningStyle = Automatic;
					};
					5A6BF791212DC1200072A6C5 = {
						CreatedOnToolsVersion = 9.4.1;
						ProvisioningStyle = Automatic;
					};
				};
			};
			buildConfigurationList = 5A6AEA0B2069525600ED92F3 /* Build configuration list for PBXProject "CartTest" */;
			compatibilityVersion = "Xcode 8.0";
			developmentRegion = en;
			hasScannedForEncodings = 0;
			knownRegions = (
				en,
				Base,
			);
			mainGroup = 5A6AEA072069525600ED92F3;
			productRefGroup = 5A6AEA112069525600ED92F3 /* Products */;
			projectDirPath = "";
			projectRoot = "";
			targets = (
				5A6AEA0F2069525600ED92F3 /* CartTest */,
				5A6AEA232069525600ED92F3 /* CartTestTests */,
				5A6BF763212DBE410072A6C5 /* CartTestTV */,
				5A6BF773212DBE430072A6C5 /* CartTestTVTests */,
				5A6BF785212DC11E0072A6C5 /* CartTestWatch */,
				5A6BF791212DC1200072A6C5 /* CartTestWatch Extension */,
			);
		};
/* End PBXProject section */

/* Begin PBXResourcesBuildPhase section */
		5A6AEA0E2069525600ED92F3 /* Resources */ = {
			isa = PBXResourcesBuildPhase;
			buildActionMask = 2147483647;
			files = (
				5A6BF75F212DBD880072A6C5 /* webtrekk_config.xml in Resources */,
				5A6BF75E212DBD710072A6C5 /* Main.storyboard in Resources */,
				5A6BF782212DC0340072A6C5 /* webtrekknet.cer in Resources */,
			);
			runOnlyForDeploymentPostprocessing = 0;
		};
		5A6AEA222069525600ED92F3 /* Resources */ = {
			isa = PBXResourcesBuildPhase;
			buildActionMask = 2147483647;
			files = (
			);
			runOnlyForDeploymentPostprocessing = 0;
		};
		5A6BF762212DBE410072A6C5 /* Resources */ = {
			isa = PBXResourcesBuildPhase;
			buildActionMask = 2147483647;
			files = (
				5A6BF76E212DBE430072A6C5 /* Assets.xcassets in Resources */,
				5A6BF76C212DBE410072A6C5 /* Main.storyboard in Resources */,
				5A6BF783212DC0340072A6C5 /* webtrekknet.cer in Resources */,
			);
			runOnlyForDeploymentPostprocessing = 0;
		};
		5A6BF772212DBE430072A6C5 /* Resources */ = {
			isa = PBXResourcesBuildPhase;
			buildActionMask = 2147483647;
			files = (
			);
			runOnlyForDeploymentPostprocessing = 0;
		};
		5A6BF784212DC11E0072A6C5 /* Resources */ = {
			isa = PBXResourcesBuildPhase;
			buildActionMask = 2147483647;
			files = (
				5A6BF78C212DC1200072A6C5 /* Assets.xcassets in Resources */,
				5A6BF78A212DC11E0072A6C5 /* Interface.storyboard in Resources */,
			);
			runOnlyForDeploymentPostprocessing = 0;
		};
		5A6BF790212DC1200072A6C5 /* Resources */ = {
			isa = PBXResourcesBuildPhase;
			buildActionMask = 2147483647;
			files = (
				5A6BF79E212DC1200072A6C5 /* Assets.xcassets in Resources */,
			);
			runOnlyForDeploymentPostprocessing = 0;
		};
/* End PBXResourcesBuildPhase section */

/* Begin PBXSourcesBuildPhase section */
		5A6AEA0C2069525600ED92F3 /* Sources */ = {
			isa = PBXSourcesBuildPhase;
			buildActionMask = 2147483647;
			files = (
				5A6AEA162069525600ED92F3 /* ViewController.swift in Sources */,
				5A6AEA142069525600ED92F3 /* AppDelegate.swift in Sources */,
			);
			runOnlyForDeploymentPostprocessing = 0;
		};
		5A6AEA202069525600ED92F3 /* Sources */ = {
			isa = PBXSourcesBuildPhase;
			buildActionMask = 2147483647;
			files = (
				5A6AEA292069525600ED92F3 /* CartTestTests.swift in Sources */,
			);
			runOnlyForDeploymentPostprocessing = 0;
		};
		5A6BF760212DBE410072A6C5 /* Sources */ = {
			isa = PBXSourcesBuildPhase;
			buildActionMask = 2147483647;
			files = (
				5A6BF769212DBE410072A6C5 /* ViewController.swift in Sources */,
				5A6BF767212DBE410072A6C5 /* AppDelegate.swift in Sources */,
			);
			runOnlyForDeploymentPostprocessing = 0;
		};
		5A6BF770212DBE430072A6C5 /* Sources */ = {
			isa = PBXSourcesBuildPhase;
			buildActionMask = 2147483647;
			files = (
				5A6BF779212DBE430072A6C5 /* CartTestTVTests.swift in Sources */,
			);
			runOnlyForDeploymentPostprocessing = 0;
		};
		5A6BF78E212DC1200072A6C5 /* Sources */ = {
			isa = PBXSourcesBuildPhase;
			buildActionMask = 2147483647;
			files = (
				5A6BF79C212DC1200072A6C5 /* NotificationController.swift in Sources */,
				5A6BF79A212DC1200072A6C5 /* ExtensionDelegate.swift in Sources */,
				5A6BF798212DC1200072A6C5 /* InterfaceController.swift in Sources */,
			);
			runOnlyForDeploymentPostprocessing = 0;
		};
/* End PBXSourcesBuildPhase section */

/* Begin PBXTargetDependency section */
		5A6AEA262069525600ED92F3 /* PBXTargetDependency */ = {
			isa = PBXTargetDependency;
			target = 5A6AEA0F2069525600ED92F3 /* CartTest */;
			targetProxy = 5A6AEA252069525600ED92F3 /* PBXContainerItemProxy */;
		};
		5A6BF776212DBE430072A6C5 /* PBXTargetDependency */ = {
			isa = PBXTargetDependency;
			target = 5A6BF763212DBE410072A6C5 /* CartTestTV */;
			targetProxy = 5A6BF775212DBE430072A6C5 /* PBXContainerItemProxy */;
		};
		5A6BF795212DC1200072A6C5 /* PBXTargetDependency */ = {
			isa = PBXTargetDependency;
			target = 5A6BF791212DC1200072A6C5 /* CartTestWatch Extension */;
			targetProxy = 5A6BF794212DC1200072A6C5 /* PBXContainerItemProxy */;
		};
		5A6BF7A2212DC1200072A6C5 /* PBXTargetDependency */ = {
			isa = PBXTargetDependency;
			target = 5A6BF785212DC11E0072A6C5 /* CartTestWatch */;
			targetProxy = 5A6BF7A1212DC1200072A6C5 /* PBXContainerItemProxy */;
		};
/* End PBXTargetDependency section */

/* Begin PBXVariantGroup section */
		5A6AEA172069525600ED92F3 /* Main.storyboard */ = {
			isa = PBXVariantGroup;
			children = (
				5A6AEA182069525600ED92F3 /* Base */,
			);
			name = Main.storyboard;
			sourceTree = "<group>";
		};
		5A6AEA1C2069525600ED92F3 /* LaunchScreen.storyboard */ = {
			isa = PBXVariantGroup;
			children = (
				5A6AEA1D2069525600ED92F3 /* Base */,
			);
			name = LaunchScreen.storyboard;
			sourceTree = "<group>";
		};
		5A6BF76A212DBE410072A6C5 /* Main.storyboard */ = {
			isa = PBXVariantGroup;
			children = (
				5A6BF76B212DBE410072A6C5 /* Base */,
			);
			name = Main.storyboard;
			sourceTree = "<group>";
		};
		5A6BF788212DC11E0072A6C5 /* Interface.storyboard */ = {
			isa = PBXVariantGroup;
			children = (
				5A6BF789212DC11E0072A6C5 /* Base */,
			);
			name = Interface.storyboard;
			sourceTree = "<group>";
		};
/* End PBXVariantGroup section */

/* Begin XCBuildConfiguration section */
		5A6AEA2B2069525600ED92F3 /* Debug */ = {
			isa = XCBuildConfiguration;
			buildSettings = {
				ALWAYS_SEARCH_USER_PATHS = NO;
				CLANG_ANALYZER_NONNULL = YES;
				CLANG_ANALYZER_NUMBER_OBJECT_CONVERSION = YES_AGGRESSIVE;
				CLANG_CXX_LANGUAGE_STANDARD = "gnu++14";
				CLANG_CXX_LIBRARY = "libc++";
				CLANG_ENABLE_MODULES = YES;
				CLANG_ENABLE_OBJC_ARC = YES;
				CLANG_WARN_BLOCK_CAPTURE_AUTORELEASING = YES;
				CLANG_WARN_BOOL_CONVERSION = YES;
				CLANG_WARN_COMMA = YES;
				CLANG_WARN_CONSTANT_CONVERSION = YES;
				CLANG_WARN_DIRECT_OBJC_ISA_USAGE = YES_ERROR;
				CLANG_WARN_DOCUMENTATION_COMMENTS = YES;
				CLANG_WARN_EMPTY_BODY = YES;
				CLANG_WARN_ENUM_CONVERSION = YES;
				CLANG_WARN_INFINITE_RECURSION = YES;
				CLANG_WARN_INT_CONVERSION = YES;
				CLANG_WARN_NON_LITERAL_NULL_CONVERSION = YES;
				CLANG_WARN_OBJC_LITERAL_CONVERSION = YES;
				CLANG_WARN_OBJC_ROOT_CLASS = YES_ERROR;
				CLANG_WARN_RANGE_LOOP_ANALYSIS = YES;
				CLANG_WARN_STRICT_PROTOTYPES = YES;
				CLANG_WARN_SUSPICIOUS_MOVE = YES;
				CLANG_WARN_UNGUARDED_AVAILABILITY = YES_AGGRESSIVE;
				CLANG_WARN_UNREACHABLE_CODE = YES;
				CLANG_WARN__DUPLICATE_METHOD_MATCH = YES;
				CODE_SIGN_IDENTITY = "iPhone Developer";
				COPY_PHASE_STRIP = NO;
				DEBUG_INFORMATION_FORMAT = dwarf;
				ENABLE_STRICT_OBJC_MSGSEND = YES;
				ENABLE_TESTABILITY = YES;
				GCC_C_LANGUAGE_STANDARD = gnu11;
				GCC_DYNAMIC_NO_PIC = NO;
				GCC_NO_COMMON_BLOCKS = YES;
				GCC_OPTIMIZATION_LEVEL = 0;
				GCC_PREPROCESSOR_DEFINITIONS = (
					"DEBUG=1",
					"$(inherited)",
				);
				GCC_WARN_64_TO_32_BIT_CONVERSION = YES;
				GCC_WARN_ABOUT_RETURN_TYPE = YES_ERROR;
				GCC_WARN_UNDECLARED_SELECTOR = YES;
				GCC_WARN_UNINITIALIZED_AUTOS = YES_AGGRESSIVE;
				GCC_WARN_UNUSED_FUNCTION = YES;
				GCC_WARN_UNUSED_VARIABLE = YES;
				IPHONEOS_DEPLOYMENT_TARGET = 11.2;
				MTL_ENABLE_DEBUG_INFO = YES;
				ONLY_ACTIVE_ARCH = YES;
				SDKROOT = iphoneos;
				SWIFT_ACTIVE_COMPILATION_CONDITIONS = DEBUG;
				SWIFT_OPTIMIZATION_LEVEL = "-Onone";
			};
			name = Debug;
		};
		5A6AEA2C2069525600ED92F3 /* Release */ = {
			isa = XCBuildConfiguration;
			buildSettings = {
				ALWAYS_SEARCH_USER_PATHS = NO;
				CLANG_ANALYZER_NONNULL = YES;
				CLANG_ANALYZER_NUMBER_OBJECT_CONVERSION = YES_AGGRESSIVE;
				CLANG_CXX_LANGUAGE_STANDARD = "gnu++14";
				CLANG_CXX_LIBRARY = "libc++";
				CLANG_ENABLE_MODULES = YES;
				CLANG_ENABLE_OBJC_ARC = YES;
				CLANG_WARN_BLOCK_CAPTURE_AUTORELEASING = YES;
				CLANG_WARN_BOOL_CONVERSION = YES;
				CLANG_WARN_COMMA = YES;
				CLANG_WARN_CONSTANT_CONVERSION = YES;
				CLANG_WARN_DIRECT_OBJC_ISA_USAGE = YES_ERROR;
				CLANG_WARN_DOCUMENTATION_COMMENTS = YES;
				CLANG_WARN_EMPTY_BODY = YES;
				CLANG_WARN_ENUM_CONVERSION = YES;
				CLANG_WARN_INFINITE_RECURSION = YES;
				CLANG_WARN_INT_CONVERSION = YES;
				CLANG_WARN_NON_LITERAL_NULL_CONVERSION = YES;
				CLANG_WARN_OBJC_LITERAL_CONVERSION = YES;
				CLANG_WARN_OBJC_ROOT_CLASS = YES_ERROR;
				CLANG_WARN_RANGE_LOOP_ANALYSIS = YES;
				CLANG_WARN_STRICT_PROTOTYPES = YES;
				CLANG_WARN_SUSPICIOUS_MOVE = YES;
				CLANG_WARN_UNGUARDED_AVAILABILITY = YES_AGGRESSIVE;
				CLANG_WARN_UNREACHABLE_CODE = YES;
				CLANG_WARN__DUPLICATE_METHOD_MATCH = YES;
				CODE_SIGN_IDENTITY = "iPhone Developer";
				COPY_PHASE_STRIP = NO;
				DEBUG_INFORMATION_FORMAT = "dwarf-with-dsym";
				ENABLE_NS_ASSERTIONS = NO;
				ENABLE_STRICT_OBJC_MSGSEND = YES;
				GCC_C_LANGUAGE_STANDARD = gnu11;
				GCC_NO_COMMON_BLOCKS = YES;
				GCC_WARN_64_TO_32_BIT_CONVERSION = YES;
				GCC_WARN_ABOUT_RETURN_TYPE = YES_ERROR;
				GCC_WARN_UNDECLARED_SELECTOR = YES;
				GCC_WARN_UNINITIALIZED_AUTOS = YES_AGGRESSIVE;
				GCC_WARN_UNUSED_FUNCTION = YES;
				GCC_WARN_UNUSED_VARIABLE = YES;
				IPHONEOS_DEPLOYMENT_TARGET = 11.2;
				MTL_ENABLE_DEBUG_INFO = NO;
				SDKROOT = iphoneos;
				SWIFT_OPTIMIZATION_LEVEL = "-Owholemodule";
				VALIDATE_PRODUCT = YES;
			};
			name = Release;
		};
		5A6AEA2E2069525600ED92F3 /* Debug */ = {
			isa = XCBuildConfiguration;
			buildSettings = {
				ASSETCATALOG_COMPILER_APPICON_NAME = AppIcon;
				CODE_SIGN_STYLE = Automatic;
				DEVELOPMENT_TEAM = B7E25J2PRJ;
				FRAMEWORK_SEARCH_PATHS = (
					"$(inherited)",
					"$(PROJECT_DIR)/Carthage/Build/iOS",
					"$(PROJECT_DIR)/Carthage/Build/tvOS",
					"$(PROJECT_DIR)/Carthage/Build/Mac",
					"$(PROJECT_DIR)/Carthage/Build/watchOS",
				);
				INFOPLIST_FILE = CartTest/Info.plist;
				LD_RUNPATH_SEARCH_PATHS = "$(inherited) @executable_path/Frameworks";
				PRODUCT_BUNDLE_IDENTIFIER = com.martinbing.CartTest;
				PRODUCT_NAME = "$(TARGET_NAME)";
				SWIFT_VERSION = 4.0;
				TARGETED_DEVICE_FAMILY = "1,2";
			};
			name = Debug;
		};
		5A6AEA2F2069525600ED92F3 /* Release */ = {
			isa = XCBuildConfiguration;
			buildSettings = {
				ASSETCATALOG_COMPILER_APPICON_NAME = AppIcon;
				CODE_SIGN_STYLE = Automatic;
				DEVELOPMENT_TEAM = B7E25J2PRJ;
				FRAMEWORK_SEARCH_PATHS = (
					"$(inherited)",
					"$(PROJECT_DIR)/Carthage/Build/iOS",
					"$(PROJECT_DIR)/Carthage/Build/tvOS",
					"$(PROJECT_DIR)/Carthage/Build/Mac",
					"$(PROJECT_DIR)/Carthage/Build/watchOS",
				);
				INFOPLIST_FILE = CartTest/Info.plist;
				LD_RUNPATH_SEARCH_PATHS = "$(inherited) @executable_path/Frameworks";
				PRODUCT_BUNDLE_IDENTIFIER = com.martinbing.CartTest;
				PRODUCT_NAME = "$(TARGET_NAME)";
				SWIFT_VERSION = 4.0;
				TARGETED_DEVICE_FAMILY = "1,2";
			};
			name = Release;
		};
		5A6AEA312069525600ED92F3 /* Debug */ = {
			isa = XCBuildConfiguration;
			buildSettings = {
				ALWAYS_EMBED_SWIFT_STANDARD_LIBRARIES = YES;
				BUNDLE_LOADER = "$(TEST_HOST)";
				CODE_SIGN_STYLE = Automatic;
				DEVELOPMENT_TEAM = B7E25J2PRJ;
				FRAMEWORK_SEARCH_PATHS = (
					"$(inherited)",
					"$(PROJECT_DIR)/Carthage/Build/iOS",
				);
				INFOPLIST_FILE = CartTestTests/Info.plist;
				LD_RUNPATH_SEARCH_PATHS = "$(inherited) @executable_path/Frameworks @loader_path/Frameworks";
				PRODUCT_BUNDLE_IDENTIFIER = com.martinbing.CartTestTests;
				PRODUCT_NAME = "$(TARGET_NAME)";
				SWIFT_VERSION = 4.0;
				TARGETED_DEVICE_FAMILY = "1,2";
				TEST_HOST = "$(BUILT_PRODUCTS_DIR)/CartTest.app/CartTest";
			};
			name = Debug;
		};
		5A6AEA322069525600ED92F3 /* Release */ = {
			isa = XCBuildConfiguration;
			buildSettings = {
				ALWAYS_EMBED_SWIFT_STANDARD_LIBRARIES = YES;
				BUNDLE_LOADER = "$(TEST_HOST)";
				CODE_SIGN_STYLE = Automatic;
				DEVELOPMENT_TEAM = B7E25J2PRJ;
				FRAMEWORK_SEARCH_PATHS = (
					"$(inherited)",
					"$(PROJECT_DIR)/Carthage/Build/iOS",
				);
				INFOPLIST_FILE = CartTestTests/Info.plist;
				LD_RUNPATH_SEARCH_PATHS = "$(inherited) @executable_path/Frameworks @loader_path/Frameworks";
				PRODUCT_BUNDLE_IDENTIFIER = com.martinbing.CartTestTests;
				PRODUCT_NAME = "$(TARGET_NAME)";
				SWIFT_VERSION = 4.0;
				TARGETED_DEVICE_FAMILY = "1,2";
				TEST_HOST = "$(BUILT_PRODUCTS_DIR)/CartTest.app/CartTest";
			};
			name = Release;
		};
		5A6BF77C212DBE430072A6C5 /* Debug */ = {
			isa = XCBuildConfiguration;
			buildSettings = {
				ASSETCATALOG_COMPILER_APPICON_NAME = "App Icon & Top Shelf Image";
				ASSETCATALOG_COMPILER_LAUNCHIMAGE_NAME = LaunchImage;
				CLANG_ENABLE_OBJC_WEAK = YES;
				CLANG_WARN_DEPRECATED_OBJC_IMPLEMENTATIONS = YES;
				CLANG_WARN_OBJC_IMPLICIT_RETAIN_SELF = YES;
				CODE_SIGN_STYLE = Automatic;
				DEVELOPMENT_TEAM = B7E25J2PRJ;
				INFOPLIST_FILE = CartTestTV/Info.plist;
				LD_RUNPATH_SEARCH_PATHS = "$(inherited) @executable_path/Frameworks";
				PRODUCT_BUNDLE_IDENTIFIER = com.martinbing.CartTestTV;
				PRODUCT_NAME = "$(TARGET_NAME)";
				SDKROOT = appletvos;
				SWIFT_VERSION = 4.0;
				TARGETED_DEVICE_FAMILY = 3;
				TVOS_DEPLOYMENT_TARGET = 11.4;
			};
			name = Debug;
		};
		5A6BF77D212DBE430072A6C5 /* Release */ = {
			isa = XCBuildConfiguration;
			buildSettings = {
				ASSETCATALOG_COMPILER_APPICON_NAME = "App Icon & Top Shelf Image";
				ASSETCATALOG_COMPILER_LAUNCHIMAGE_NAME = LaunchImage;
				CLANG_ENABLE_OBJC_WEAK = YES;
				CLANG_WARN_DEPRECATED_OBJC_IMPLEMENTATIONS = YES;
				CLANG_WARN_OBJC_IMPLICIT_RETAIN_SELF = YES;
				CODE_SIGN_STYLE = Automatic;
				DEVELOPMENT_TEAM = B7E25J2PRJ;
				INFOPLIST_FILE = CartTestTV/Info.plist;
				LD_RUNPATH_SEARCH_PATHS = "$(inherited) @executable_path/Frameworks";
				PRODUCT_BUNDLE_IDENTIFIER = com.martinbing.CartTestTV;
				PRODUCT_NAME = "$(TARGET_NAME)";
				SDKROOT = appletvos;
				SWIFT_VERSION = 4.0;
				TARGETED_DEVICE_FAMILY = 3;
				TVOS_DEPLOYMENT_TARGET = 11.4;
			};
			name = Release;
		};
		5A6BF77F212DBE430072A6C5 /* Debug */ = {
			isa = XCBuildConfiguration;
			buildSettings = {
				ALWAYS_EMBED_SWIFT_STANDARD_LIBRARIES = YES;
				BUNDLE_LOADER = "$(TEST_HOST)";
				CLANG_ENABLE_OBJC_WEAK = YES;
				CLANG_WARN_DEPRECATED_OBJC_IMPLEMENTATIONS = YES;
				CLANG_WARN_OBJC_IMPLICIT_RETAIN_SELF = YES;
				CODE_SIGN_STYLE = Automatic;
				DEVELOPMENT_TEAM = B7E25J2PRJ;
				INFOPLIST_FILE = CartTestTVTests/Info.plist;
				LD_RUNPATH_SEARCH_PATHS = "$(inherited) @executable_path/Frameworks @loader_path/Frameworks";
				PRODUCT_BUNDLE_IDENTIFIER = com.martinbing.CartTestTVTests;
				PRODUCT_NAME = "$(TARGET_NAME)";
				SDKROOT = appletvos;
				SWIFT_VERSION = 4.0;
				TARGETED_DEVICE_FAMILY = 3;
				TEST_HOST = "$(BUILT_PRODUCTS_DIR)/CartTestTV.app/CartTestTV";
				TVOS_DEPLOYMENT_TARGET = 11.4;
			};
			name = Debug;
		};
		5A6BF780212DBE430072A6C5 /* Release */ = {
			isa = XCBuildConfiguration;
			buildSettings = {
				ALWAYS_EMBED_SWIFT_STANDARD_LIBRARIES = YES;
				BUNDLE_LOADER = "$(TEST_HOST)";
				CLANG_ENABLE_OBJC_WEAK = YES;
				CLANG_WARN_DEPRECATED_OBJC_IMPLEMENTATIONS = YES;
				CLANG_WARN_OBJC_IMPLICIT_RETAIN_SELF = YES;
				CODE_SIGN_STYLE = Automatic;
				DEVELOPMENT_TEAM = B7E25J2PRJ;
				INFOPLIST_FILE = CartTestTVTests/Info.plist;
				LD_RUNPATH_SEARCH_PATHS = "$(inherited) @executable_path/Frameworks @loader_path/Frameworks";
				PRODUCT_BUNDLE_IDENTIFIER = com.martinbing.CartTestTVTests;
				PRODUCT_NAME = "$(TARGET_NAME)";
				SDKROOT = appletvos;
				SWIFT_VERSION = 4.0;
				TARGETED_DEVICE_FAMILY = 3;
				TEST_HOST = "$(BUILT_PRODUCTS_DIR)/CartTestTV.app/CartTestTV";
				TVOS_DEPLOYMENT_TARGET = 11.4;
			};
			name = Release;
		};
		5A6BF7A5212DC1200072A6C5 /* Debug */ = {
			isa = XCBuildConfiguration;
			buildSettings = {
				ASSETCATALOG_COMPILER_COMPLICATION_NAME = Complication;
				CLANG_ENABLE_OBJC_WEAK = YES;
				CLANG_WARN_DEPRECATED_OBJC_IMPLEMENTATIONS = YES;
				CLANG_WARN_OBJC_IMPLICIT_RETAIN_SELF = YES;
				CODE_SIGN_STYLE = Automatic;
				DEVELOPMENT_TEAM = B7E25J2PRJ;
				INFOPLIST_FILE = "CartTestWatch Extension/Info.plist";
				LD_RUNPATH_SEARCH_PATHS = "$(inherited) @executable_path/Frameworks @executable_path/../../Frameworks";
				PRODUCT_BUNDLE_IDENTIFIER = com.martinbing.CartTest.watchkitapp.watchkitextension;
				PRODUCT_NAME = "${TARGET_NAME}";
				SDKROOT = watchos;
				SKIP_INSTALL = YES;
				SWIFT_VERSION = 4.0;
				TARGETED_DEVICE_FAMILY = 4;
				WATCHOS_DEPLOYMENT_TARGET = 4.3;
			};
			name = Debug;
		};
		5A6BF7A6212DC1200072A6C5 /* Release */ = {
			isa = XCBuildConfiguration;
			buildSettings = {
				ASSETCATALOG_COMPILER_COMPLICATION_NAME = Complication;
				CLANG_ENABLE_OBJC_WEAK = YES;
				CLANG_WARN_DEPRECATED_OBJC_IMPLEMENTATIONS = YES;
				CLANG_WARN_OBJC_IMPLICIT_RETAIN_SELF = YES;
				CODE_SIGN_STYLE = Automatic;
				DEVELOPMENT_TEAM = B7E25J2PRJ;
				INFOPLIST_FILE = "CartTestWatch Extension/Info.plist";
				LD_RUNPATH_SEARCH_PATHS = "$(inherited) @executable_path/Frameworks @executable_path/../../Frameworks";
				PRODUCT_BUNDLE_IDENTIFIER = com.martinbing.CartTest.watchkitapp.watchkitextension;
				PRODUCT_NAME = "${TARGET_NAME}";
				SDKROOT = watchos;
				SKIP_INSTALL = YES;
				SWIFT_VERSION = 4.0;
				TARGETED_DEVICE_FAMILY = 4;
				WATCHOS_DEPLOYMENT_TARGET = 4.3;
			};
			name = Release;
		};
		5A6BF7A9212DC1200072A6C5 /* Debug */ = {
			isa = XCBuildConfiguration;
			buildSettings = {
				ALWAYS_EMBED_SWIFT_STANDARD_LIBRARIES = YES;
				ASSETCATALOG_COMPILER_APPICON_NAME = AppIcon;
				CLANG_ENABLE_OBJC_WEAK = YES;
				CLANG_WARN_DEPRECATED_OBJC_IMPLEMENTATIONS = YES;
				CLANG_WARN_OBJC_IMPLICIT_RETAIN_SELF = YES;
				CODE_SIGN_STYLE = Automatic;
				DEVELOPMENT_TEAM = B7E25J2PRJ;
				IBSC_MODULE = CartTestWatch_Extension;
				INFOPLIST_FILE = CartTestWatch/Info.plist;
				PRODUCT_BUNDLE_IDENTIFIER = com.martinbing.CartTest.watchkitapp;
				PRODUCT_NAME = "$(TARGET_NAME)";
				SDKROOT = watchos;
				SKIP_INSTALL = YES;
				SWIFT_VERSION = 4.0;
				TARGETED_DEVICE_FAMILY = 4;
				WATCHOS_DEPLOYMENT_TARGET = 4.3;
			};
			name = Debug;
		};
		5A6BF7AA212DC1200072A6C5 /* Release */ = {
			isa = XCBuildConfiguration;
			buildSettings = {
				ALWAYS_EMBED_SWIFT_STANDARD_LIBRARIES = YES;
				ASSETCATALOG_COMPILER_APPICON_NAME = AppIcon;
				CLANG_ENABLE_OBJC_WEAK = YES;
				CLANG_WARN_DEPRECATED_OBJC_IMPLEMENTATIONS = YES;
				CLANG_WARN_OBJC_IMPLICIT_RETAIN_SELF = YES;
				CODE_SIGN_STYLE = Automatic;
				DEVELOPMENT_TEAM = B7E25J2PRJ;
				IBSC_MODULE = CartTestWatch_Extension;
				INFOPLIST_FILE = CartTestWatch/Info.plist;
				PRODUCT_BUNDLE_IDENTIFIER = com.martinbing.CartTest.watchkitapp;
				PRODUCT_NAME = "$(TARGET_NAME)";
				SDKROOT = watchos;
				SKIP_INSTALL = YES;
				SWIFT_VERSION = 4.0;
				TARGETED_DEVICE_FAMILY = 4;
				WATCHOS_DEPLOYMENT_TARGET = 4.3;
			};
			name = Release;
		};
/* End XCBuildConfiguration section */

/* Begin XCConfigurationList section */
		5A6AEA0B2069525600ED92F3 /* Build configuration list for PBXProject "CartTest" */ = {
			isa = XCConfigurationList;
			buildConfigurations = (
				5A6AEA2B2069525600ED92F3 /* Debug */,
				5A6AEA2C2069525600ED92F3 /* Release */,
			);
			defaultConfigurationIsVisible = 0;
			defaultConfigurationName = Release;
		};
		5A6AEA2D2069525600ED92F3 /* Build configuration list for PBXNativeTarget "CartTest" */ = {
			isa = XCConfigurationList;
			buildConfigurations = (
				5A6AEA2E2069525600ED92F3 /* Debug */,
				5A6AEA2F2069525600ED92F3 /* Release */,
			);
			defaultConfigurationIsVisible = 0;
			defaultConfigurationName = Release;
		};
		5A6AEA302069525600ED92F3 /* Build configuration list for PBXNativeTarget "CartTestTests" */ = {
			isa = XCConfigurationList;
			buildConfigurations = (
				5A6AEA312069525600ED92F3 /* Debug */,
				5A6AEA322069525600ED92F3 /* Release */,
			);
			defaultConfigurationIsVisible = 0;
			defaultConfigurationName = Release;
		};
		5A6BF77B212DBE430072A6C5 /* Build configuration list for PBXNativeTarget "CartTestTV" */ = {
			isa = XCConfigurationList;
			buildConfigurations = (
				5A6BF77C212DBE430072A6C5 /* Debug */,
				5A6BF77D212DBE430072A6C5 /* Release */,
			);
			defaultConfigurationIsVisible = 0;
			defaultConfigurationName = Release;
		};
		5A6BF77E212DBE430072A6C5 /* Build configuration list for PBXNativeTarget "CartTestTVTests" */ = {
			isa = XCConfigurationList;
			buildConfigurations = (
				5A6BF77F212DBE430072A6C5 /* Debug */,
				5A6BF780212DBE430072A6C5 /* Release */,
			);
			defaultConfigurationIsVisible = 0;
			defaultConfigurationName = Release;
		};
		5A6BF7A4212DC1200072A6C5 /* Build configuration list for PBXNativeTarget "CartTestWatch Extension" */ = {
			isa = XCConfigurationList;
			buildConfigurations = (
				5A6BF7A5212DC1200072A6C5 /* Debug */,
				5A6BF7A6212DC1200072A6C5 /* Release */,
			);
			defaultConfigurationIsVisible = 0;
			defaultConfigurationName = Release;
		};
		5A6BF7A8212DC1200072A6C5 /* Build configuration list for PBXNativeTarget "CartTestWatch" */ = {
			isa = XCConfigurationList;
			buildConfigurations = (
				5A6BF7A9212DC1200072A6C5 /* Debug */,
				5A6BF7AA212DC1200072A6C5 /* Release */,
			);
			defaultConfigurationIsVisible = 0;
			defaultConfigurationName = Release;
		};
/* End XCConfigurationList section */
	};
	rootObject = 5A6AEA082069525600ED92F3 /* Project object */;
}
